
Microsoft Visual Studio Solution File, Format Version 12.00
# Visual Studio 15
VisualStudioVersion = 15.0.26730.10
MinimumVisualStudioVersion = 10.0.40219.1
Project("{FAE04EC0-301F-11D3-BF4B-00C04F79EFBC}") = "UmbMapper", "src\UmbMapper\UmbMapper.csproj", "{70794E9C-5E67-48A0-994C-FD67C7758FB7}"
EndProject
Project("{FAE04EC0-301F-11D3-BF4B-00C04F79EFBC}") = "UmbMapper.Tests", "tests\UmbMapper.Tests\UmbMapper.Tests.csproj", "{A766687F-E06C-4389-9D5A-DB6F44FBC1E0}"
EndProject
Project("{2150E333-8FDC-42A3-9474-1A3956D46DE8}") = "Project", "Project", "{0331E607-4CC2-48B7-BA82-02FEBEC44F17}"
	ProjectSection(SolutionItems) = preProject
		.editorconfig = .editorconfig
		appveyor.yml = appveyor.yml
		README.md = README.md
		UmbMapper.ruleset = UmbMapper.ruleset
	EndProjectSection
EndProject
Project("{FAE04EC0-301F-11D3-BF4B-00C04F79EFBC}") = "UmbMapper.Benchmarks", "tests\UmbMapper.Benchmarks\UmbMapper.Benchmarks.csproj", "{2CA212DD-8A24-4574-891C-2036F13B35AA}"
EndProject
Project("{2150E333-8FDC-42A3-9474-1A3956D46DE8}") = "Tests", "Tests", "{CAAF4CAF-EDCF-48B7-B705-632464F48B70}"
EndProject
Project("{FAE04EC0-301F-11D3-BF4B-00C04F79EFBC}") = "UmbMapper.Sample", "tests\UmbMapper.Sample\UmbMapper.Sample.csproj", "{08B00C0A-E231-4166-BCD1-77E46AA0DC3C}"
EndProject
Project("{FAE04EC0-301F-11D3-BF4B-00C04F79EFBC}") = "UmbMapper.NuPickers", "src\UmbMapper.NuPickers\UmbMapper.NuPickers.csproj", "{0858E0A4-A161-47AD-88E5-5BF1DBDBD225}"
EndProject
Project("{FAE04EC0-301F-11D3-BF4B-00C04F79EFBC}") = "UmbMapper.Archetype", "src\UmbMapper.Archetype\UmbMapper.Archetype.csproj", "{66CE4FE8-9ABD-42C5-B31B-495050402C7F}"
EndProject
Project("{FAE04EC0-301F-11D3-BF4B-00C04F79EFBC}") = "UmbMapper.PublishedContentModelFactory", "src\UmbMapper.PublishedContentModelFactory\UmbMapper.PublishedContentModelFactory.csproj", "{D4D7DEC8-23A5-408D-B602-7614410A46DB}"
EndProject
Project("{2150E333-8FDC-42A3-9474-1A3956D46DE8}") = "Build", "Build", "{9F4A651D-5C8F-4071-A13B-8196FCBB785C}"
	ProjectSection(SolutionItems) = preProject
		build\nuspecs\UmbMapper.Archetype.nuspec = build\nuspecs\UmbMapper.Archetype.nuspec
		build\nuspecs\UmbMapper.NuPickers.nuspec = build\nuspecs\UmbMapper.NuPickers.nuspec
		build\nuspecs\UmbMapper.nuspec = build\nuspecs\UmbMapper.nuspec
		build\nuspecs\UmbMapper.PublishedContentModelFactory.nuspec = build\nuspecs\UmbMapper.PublishedContentModelFactory.nuspec
	EndProjectSection
EndProject
Global
	GlobalSection(SolutionConfigurationPlatforms) = preSolution
		Debug|Any CPU = Debug|Any CPU
		Release|Any CPU = Release|Any CPU
	EndGlobalSection
	GlobalSection(ProjectConfigurationPlatforms) = postSolution
		{70794E9C-5E67-48A0-994C-FD67C7758FB7}.Debug|Any CPU.ActiveCfg = Debug|Any CPU
		{70794E9C-5E67-48A0-994C-FD67C7758FB7}.Debug|Any CPU.Build.0 = Debug|Any CPU
		{70794E9C-5E67-48A0-994C-FD67C7758FB7}.Release|Any CPU.ActiveCfg = Release|Any CPU
		{70794E9C-5E67-48A0-994C-FD67C7758FB7}.Release|Any CPU.Build.0 = Release|Any CPU
		{A766687F-E06C-4389-9D5A-DB6F44FBC1E0}.Debug|Any CPU.ActiveCfg = Debug|Any CPU
		{A766687F-E06C-4389-9D5A-DB6F44FBC1E0}.Debug|Any CPU.Build.0 = Debug|Any CPU
		{A766687F-E06C-4389-9D5A-DB6F44FBC1E0}.Release|Any CPU.ActiveCfg = Release|Any CPU
		{A766687F-E06C-4389-9D5A-DB6F44FBC1E0}.Release|Any CPU.Build.0 = Release|Any CPU
		{2CA212DD-8A24-4574-891C-2036F13B35AA}.Debug|Any CPU.ActiveCfg = Debug|Any CPU
		{2CA212DD-8A24-4574-891C-2036F13B35AA}.Debug|Any CPU.Build.0 = Debug|Any CPU
		{2CA212DD-8A24-4574-891C-2036F13B35AA}.Release|Any CPU.ActiveCfg = Release|Any CPU
		{2CA212DD-8A24-4574-891C-2036F13B35AA}.Release|Any CPU.Build.0 = Release|Any CPU
		{08B00C0A-E231-4166-BCD1-77E46AA0DC3C}.Debug|Any CPU.ActiveCfg = Debug|Any CPU
		{08B00C0A-E231-4166-BCD1-77E46AA0DC3C}.Debug|Any CPU.Build.0 = Debug|Any CPU
		{08B00C0A-E231-4166-BCD1-77E46AA0DC3C}.Release|Any CPU.ActiveCfg = Release|Any CPU
		{08B00C0A-E231-4166-BCD1-77E46AA0DC3C}.Release|Any CPU.Build.0 = Release|Any CPU
		{0858E0A4-A161-47AD-88E5-5BF1DBDBD225}.Debug|Any CPU.ActiveCfg = Debug|Any CPU
		{0858E0A4-A161-47AD-88E5-5BF1DBDBD225}.Debug|Any CPU.Build.0 = Debug|Any CPU
		{0858E0A4-A161-47AD-88E5-5BF1DBDBD225}.Release|Any CPU.ActiveCfg = Release|Any CPU
		{0858E0A4-A161-47AD-88E5-5BF1DBDBD225}.Release|Any CPU.Build.0 = Release|Any CPU
		{66CE4FE8-9ABD-42C5-B31B-495050402C7F}.Debug|Any CPU.ActiveCfg = Debug|Any CPU
		{66CE4FE8-9ABD-42C5-B31B-495050402C7F}.Debug|Any CPU.Build.0 = Debug|Any CPU
		{66CE4FE8-9ABD-42C5-B31B-495050402C7F}.Release|Any CPU.ActiveCfg = Release|Any CPU
		{66CE4FE8-9ABD-42C5-B31B-495050402C7F}.Release|Any CPU.Build.0 = Release|Any CPU
		{D4D7DEC8-23A5-408D-B602-7614410A46DB}.Debug|Any CPU.ActiveCfg = Debug|Any CPU
		{D4D7DEC8-23A5-408D-B602-7614410A46DB}.Debug|Any CPU.Build.0 = Debug|Any CPU
		{D4D7DEC8-23A5-408D-B602-7614410A46DB}.Release|Any CPU.ActiveCfg = Release|Any CPU
		{D4D7DEC8-23A5-408D-B602-7614410A46DB}.Release|Any CPU.Build.0 = Release|Any CPU
	EndGlobalSection
	GlobalSection(SolutionProperties) = preSolution
		HideSolutionNode = FALSE
	EndGlobalSection
	GlobalSection(NestedProjects) = preSolution
		{A766687F-E06C-4389-9D5A-DB6F44FBC1E0} = {CAAF4CAF-EDCF-48B7-B705-632464F48B70}
		{2CA212DD-8A24-4574-891C-2036F13B35AA} = {CAAF4CAF-EDCF-48B7-B705-632464F48B70}
		{08B00C0A-E231-4166-BCD1-77E46AA0DC3C} = {CAAF4CAF-EDCF-48B7-B705-632464F48B70}
	EndGlobalSection
	GlobalSection(ExtensibilityGlobals) = postSolution
		SolutionGuid = {3E7B9D96-763B-4E1F-81B7-E6ECA8B1269E}
	EndGlobalSection
EndGlobal
