
Microsoft Visual Studio Solution File, Format Version 12.00
# Visual Studio Version 16
VisualStudioVersion = 16.0.29009.5
MinimumVisualStudioVersion = 10.0.40219.1
Project("{FAE04EC0-301F-11D3-BF4B-00C04F79EFBC}") = "UmbMapper", "src\UmbMapper\UmbMapper.csproj", "{70794E9C-5E67-48A0-994C-FD67C7758FB7}"
EndProject
Project("{FAE04EC0-301F-11D3-BF4B-00C04F79EFBC}") = "UmbMapper.Tests", "tests\UmbMapper.Tests\UmbMapper.Tests.csproj", "{A766687F-E06C-4389-9D5A-DB6F44FBC1E0}"
EndProject
Project("{2150E333-8FDC-42A3-9474-1A3956D46DE8}") = "Project", "Project", "{0331E607-4CC2-48B7-BA82-02FEBEC44F17}"
	ProjectSection(SolutionItems) = preProject
		.editorconfig = .editorconfig
		appveyor.yml = appveyor.yml
		README.md = README.md
		UmbMapper.ruleset = UmbMapper.ruleset
	EndProjectSection
EndProject
Project("{2150E333-8FDC-42A3-9474-1A3956D46DE8}") = "Tests", "Tests", "{CAAF4CAF-EDCF-48B7-B705-632464F48B70}"
EndProject
Project("{2150E333-8FDC-42A3-9474-1A3956D46DE8}") = "Build", "Build", "{9F4A651D-5C8F-4071-A13B-8196FCBB785C}"
	ProjectSection(SolutionItems) = preProject
		build\nuspecs\UmbMapper.Archetype.nuspec = build\nuspecs\UmbMapper.Archetype.nuspec
		build\nuspecs\UmbMapper.NuPickers.nuspec = build\nuspecs\UmbMapper.NuPickers.nuspec
		build\nuspecs\UmbMapper.nuspec = build\nuspecs\UmbMapper.nuspec
		build\nuspecs\UmbMapper.PublishedContentModelFactory.nuspec = build\nuspecs\UmbMapper.PublishedContentModelFactory.nuspec
		build\nuspecs\UmbMapper.Vorto.nuspec = build\nuspecs\UmbMapper.Vorto.nuspec
	EndProjectSection
EndProject
Project("{FAE04EC0-301F-11D3-BF4B-00C04F79EFBC}") = "UmbMapper.Umbraco8.Tests", "tests\UmbMapper.Umbraco8.Tests\UmbMapper.Umbraco8.Tests.csproj", "{B8F6E0EC-4808-4A98-B33F-EB41AFCF4085}"
EndProject
Global
	GlobalSection(SolutionConfigurationPlatforms) = preSolution
		Debug|Any CPU = Debug|Any CPU
		Release|Any CPU = Release|Any CPU
	EndGlobalSection
	GlobalSection(ProjectConfigurationPlatforms) = postSolution
		{70794E9C-5E67-48A0-994C-FD67C7758FB7}.Debug|Any CPU.ActiveCfg = Debug|Any CPU
		{70794E9C-5E67-48A0-994C-FD67C7758FB7}.Debug|Any CPU.Build.0 = Debug|Any CPU
		{70794E9C-5E67-48A0-994C-FD67C7758FB7}.Release|Any CPU.ActiveCfg = Release|Any CPU
		{70794E9C-5E67-48A0-994C-FD67C7758FB7}.Release|Any CPU.Build.0 = Release|Any CPU
		{A766687F-E06C-4389-9D5A-DB6F44FBC1E0}.Debug|Any CPU.ActiveCfg = Debug|Any CPU
		{A766687F-E06C-4389-9D5A-DB6F44FBC1E0}.Debug|Any CPU.Build.0 = Debug|Any CPU
		{A766687F-E06C-4389-9D5A-DB6F44FBC1E0}.Release|Any CPU.ActiveCfg = Release|Any CPU
		{A766687F-E06C-4389-9D5A-DB6F44FBC1E0}.Release|Any CPU.Build.0 = Release|Any CPU
		{B8F6E0EC-4808-4A98-B33F-EB41AFCF4085}.Debug|Any CPU.ActiveCfg = Debug|Any CPU
		{B8F6E0EC-4808-4A98-B33F-EB41AFCF4085}.Debug|Any CPU.Build.0 = Debug|Any CPU
		{B8F6E0EC-4808-4A98-B33F-EB41AFCF4085}.Release|Any CPU.ActiveCfg = Release|Any CPU
		{B8F6E0EC-4808-4A98-B33F-EB41AFCF4085}.Release|Any CPU.Build.0 = Release|Any CPU
	EndGlobalSection
	GlobalSection(SolutionProperties) = preSolution
		HideSolutionNode = FALSE
	EndGlobalSection
	GlobalSection(NestedProjects) = preSolution
		{A766687F-E06C-4389-9D5A-DB6F44FBC1E0} = {CAAF4CAF-EDCF-48B7-B705-632464F48B70}
		{B8F6E0EC-4808-4A98-B33F-EB41AFCF4085} = {CAAF4CAF-EDCF-48B7-B705-632464F48B70}
	EndGlobalSection
	GlobalSection(ExtensibilityGlobals) = postSolution
		SolutionGuid = {3E7B9D96-763B-4E1F-81B7-E6ECA8B1269E}
	EndGlobalSection
EndGlobal
